// !$*UTF8*$!
{
	archiveVersion = 1;
	classes = {
	};
	objectVersion = 77;
	objects = {

/* Begin PBXBuildFile section */
		CD4FBC4A2E43349D00459093 /* MenuTempHelper.app in CopyFiles */ = {isa = PBXBuildFile; fileRef = CD4FBC212E43314A00459093 /* MenuTempHelper.app */; settings = {ATTRIBUTES = (RemoveHeadersOnCopy, ); }; };
		CD4FBC812E43408300459093 /* .gitignore in Resources */ = {isa = PBXBuildFile; fileRef = CD4FBC802E43406C00459093 /* .gitignore */; };
		CD4FBC832E4341E700459093 /* LICENSE in Resources */ = {isa = PBXBuildFile; fileRef = CD4FBC822E4341D100459093 /* LICENSE */; };
/* End PBXBuildFile section */

/* Begin PBXContainerItemProxy section */
		CD246D4B2E3DCD3900E397D7 /* PBXContainerItemProxy */ = {
			isa = PBXContainerItemProxy;
			containerPortal = CD246D342E3DCD3800E397D7 /* Project object */;
			proxyType = 1;
			remoteGlobalIDString = CD246D3B2E3DCD3800E397D7;
			remoteInfo = MenuTemp;
		};
		CD246D552E3DCD3900E397D7 /* PBXContainerItemProxy */ = {
			isa = PBXContainerItemProxy;
			containerPortal = CD246D342E3DCD3800E397D7 /* Project object */;
			proxyType = 1;
			remoteGlobalIDString = CD246D3B2E3DCD3800E397D7;
			remoteInfo = MenuTemp;
		};
		CD4FBC2F2E43314B00459093 /* PBXContainerItemProxy */ = {
			isa = PBXContainerItemProxy;
			containerPortal = CD246D342E3DCD3800E397D7 /* Project object */;
			proxyType = 1;
			remoteGlobalIDString = CD4FBC202E43314A00459093;
			remoteInfo = MenuTempHelper;
		};
		CD4FBC392E43314B00459093 /* PBXContainerItemProxy */ = {
			isa = PBXContainerItemProxy;
			containerPortal = CD246D342E3DCD3800E397D7 /* Project object */;
			proxyType = 1;
			remoteGlobalIDString = CD4FBC202E43314A00459093;
			remoteInfo = MenuTempHelper;
		};
/* End PBXContainerItemProxy section */

/* Begin PBXCopyFilesBuildPhase section */
		CD4FBC192E432E4900459093 /* CopyFiles */ = {
			isa = PBXCopyFilesBuildPhase;
			buildActionMask = 2147483647;
			dstPath = "";
			dstSubfolderSpec = 6;
			files = (
			);
			runOnlyForDeploymentPostprocessing = 0;
		};
		CD4FBC492E43346400459093 /* CopyFiles */ = {
			isa = PBXCopyFilesBuildPhase;
			buildActionMask = 2147483647;
			dstPath = Contents/Library/LoginItems;
			dstSubfolderSpec = 1;
			files = (
				CD4FBC4A2E43349D00459093 /* MenuTempHelper.app in CopyFiles */,
			);
			runOnlyForDeploymentPostprocessing = 0;
		};
/* End PBXCopyFilesBuildPhase section */

/* Begin PBXFileReference section */
		CD246D3C2E3DCD3800E397D7 /* MenuTemp.app */ = {isa = PBXFileReference; explicitFileType = wrapper.application; includeInIndex = 0; path = MenuTemp.app; sourceTree = BUILT_PRODUCTS_DIR; };
		CD246D4A2E3DCD3900E397D7 /* MenuTempTests.xctest */ = {isa = PBXFileReference; explicitFileType = wrapper.cfbundle; includeInIndex = 0; path = MenuTempTests.xctest; sourceTree = BUILT_PRODUCTS_DIR; };
		CD246D542E3DCD3900E397D7 /* MenuTempUITests.xctest */ = {isa = PBXFileReference; explicitFileType = wrapper.cfbundle; includeInIndex = 0; path = MenuTempUITests.xctest; sourceTree = BUILT_PRODUCTS_DIR; };
		CD4FBC212E43314A00459093 /* MenuTempHelper.app */ = {isa = PBXFileReference; explicitFileType = wrapper.application; includeInIndex = 0; path = MenuTempHelper.app; sourceTree = BUILT_PRODUCTS_DIR; };
		CD4FBC2E2E43314B00459093 /* MenuTempHelperTests.xctest */ = {isa = PBXFileReference; explicitFileType = wrapper.cfbundle; includeInIndex = 0; path = MenuTempHelperTests.xctest; sourceTree = BUILT_PRODUCTS_DIR; };
		CD4FBC382E43314B00459093 /* MenuTempHelperUITests.xctest */ = {isa = PBXFileReference; explicitFileType = wrapper.cfbundle; includeInIndex = 0; path = MenuTempHelperUITests.xctest; sourceTree = BUILT_PRODUCTS_DIR; };
		CD4FBC802E43406C00459093 /* .gitignore */ = {isa = PBXFileReference; lastKnownFileType = text; path = .gitignore; sourceTree = "<group>"; };
		CD4FBC822E4341D100459093 /* LICENSE */ = {isa = PBXFileReference; lastKnownFileType = text; path = LICENSE; sourceTree = "<group>"; };
/* End PBXFileReference section */

/* Begin PBXFileSystemSynchronizedBuildFileExceptionSet section */
		CD4FBC1C2E432E5500459093 /* Exceptions for "MenuTemp" folder in "MenuTemp" target */ = {
			isa = PBXFileSystemSynchronizedBuildFileExceptionSet;
			membershipExceptions = (
				Resources/monitor_cpu_temp_fifo,
			);
			target = CD246D3B2E3DCD3800E397D7 /* MenuTemp */;
		};
/* End PBXFileSystemSynchronizedBuildFileExceptionSet section */

/* Begin PBXFileSystemSynchronizedGroupBuildPhaseMembershipExceptionSet section */
		CD4FBC1B2E432E5200459093 /* Exceptions for "MenuTemp" folder in "Copy Files" phase from "MenuTemp" target */ = {
			isa = PBXFileSystemSynchronizedGroupBuildPhaseMembershipExceptionSet;
			attributesByRelativePath = {
				Resources/monitor_cpu_temp_fifo = (CodeSignOnCopy, );
			};
			buildPhase = CD4FBC192E432E4900459093 /* CopyFiles */;
			membershipExceptions = (
				Resources/monitor_cpu_temp_fifo,
			);
		};
/* End PBXFileSystemSynchronizedGroupBuildPhaseMembershipExceptionSet section */

/* Begin PBXFileSystemSynchronizedRootGroup section */
		CD246D3E2E3DCD3800E397D7 /* MenuTemp */ = {
			isa = PBXFileSystemSynchronizedRootGroup;
			exceptions = (
				CD4FBC1C2E432E5500459093 /* Exceptions for "MenuTemp" folder in "MenuTemp" target */,
				CD4FBC1B2E432E5200459093 /* Exceptions for "MenuTemp" folder in "Copy Files" phase from "MenuTemp" target */,
			);
			path = MenuTemp;
			sourceTree = "<group>";
		};
		CD246D4D2E3DCD3900E397D7 /* MenuTempTests */ = {
			isa = PBXFileSystemSynchronizedRootGroup;
			path = MenuTempTests;
			sourceTree = "<group>";
		};
		CD246D572E3DCD3900E397D7 /* MenuTempUITests */ = {
			isa = PBXFileSystemSynchronizedRootGroup;
			path = MenuTempUITests;
			sourceTree = "<group>";
		};
		CD4FBC222E43314A00459093 /* MenuTempHelper */ = {
			isa = PBXFileSystemSynchronizedRootGroup;
			path = MenuTempHelper;
			sourceTree = "<group>";
		};
		CD4FBC312E43314B00459093 /* MenuTempHelperTests */ = {
			isa = PBXFileSystemSynchronizedRootGroup;
			path = MenuTempHelperTests;
			sourceTree = "<group>";
		};
		CD4FBC3B2E43314B00459093 /* MenuTempHelperUITests */ = {
			isa = PBXFileSystemSynchronizedRootGroup;
			path = MenuTempHelperUITests;
			sourceTree = "<group>";
		};
/* End PBXFileSystemSynchronizedRootGroup section */

/* Begin PBXFrameworksBuildPhase section */
		CD246D392E3DCD3800E397D7 /* Frameworks */ = {
			isa = PBXFrameworksBuildPhase;
			buildActionMask = 2147483647;
			files = (
			);
			runOnlyForDeploymentPostprocessing = 0;
		};
		CD246D472E3DCD3900E397D7 /* Frameworks */ = {
			isa = PBXFrameworksBuildPhase;
			buildActionMask = 2147483647;
			files = (
			);
			runOnlyForDeploymentPostprocessing = 0;
		};
		CD246D512E3DCD3900E397D7 /* Frameworks */ = {
			isa = PBXFrameworksBuildPhase;
			buildActionMask = 2147483647;
			files = (
			);
			runOnlyForDeploymentPostprocessing = 0;
		};
		CD4FBC1E2E43314A00459093 /* Frameworks */ = {
			isa = PBXFrameworksBuildPhase;
			buildActionMask = 2147483647;
			files = (
			);
			runOnlyForDeploymentPostprocessing = 0;
		};
		CD4FBC2B2E43314B00459093 /* Frameworks */ = {
			isa = PBXFrameworksBuildPhase;
			buildActionMask = 2147483647;
			files = (
			);
			runOnlyForDeploymentPostprocessing = 0;
		};
		CD4FBC352E43314B00459093 /* Frameworks */ = {
			isa = PBXFrameworksBuildPhase;
			buildActionMask = 2147483647;
			files = (
			);
			runOnlyForDeploymentPostprocessing = 0;
		};
/* End PBXFrameworksBuildPhase section */

/* Begin PBXGroup section */
		CD246D332E3DCD3800E397D7 = {
			isa = PBXGroup;
			children = (
				CD4FBC822E4341D100459093 /* LICENSE */,
				CD4FBC802E43406C00459093 /* .gitignore */,
				CD246D3E2E3DCD3800E397D7 /* MenuTemp */,
				CD246D4D2E3DCD3900E397D7 /* MenuTempTests */,
				CD246D572E3DCD3900E397D7 /* MenuTempUITests */,
				CD4FBC222E43314A00459093 /* MenuTempHelper */,
				CD4FBC312E43314B00459093 /* MenuTempHelperTests */,
				CD4FBC3B2E43314B00459093 /* MenuTempHelperUITests */,
				CD246D3D2E3DCD3800E397D7 /* Products */,
			);
			sourceTree = "<group>";
		};
		CD246D3D2E3DCD3800E397D7 /* Products */ = {
			isa = PBXGroup;
			children = (
				CD246D3C2E3DCD3800E397D7 /* MenuTemp.app */,
				CD246D4A2E3DCD3900E397D7 /* MenuTempTests.xctest */,
				CD246D542E3DCD3900E397D7 /* MenuTempUITests.xctest */,
				CD4FBC212E43314A00459093 /* MenuTempHelper.app */,
				CD4FBC2E2E43314B00459093 /* MenuTempHelperTests.xctest */,
				CD4FBC382E43314B00459093 /* MenuTempHelperUITests.xctest */,
			);
			name = Products;
			sourceTree = "<group>";
		};
/* End PBXGroup section */

/* Begin PBXNativeTarget section */
		CD246D3B2E3DCD3800E397D7 /* MenuTemp */ = {
			isa = PBXNativeTarget;
			buildConfigurationList = CD246D5E2E3DCD3900E397D7 /* Build configuration list for PBXNativeTarget "MenuTemp" */;
			buildPhases = (
				CD246D382E3DCD3800E397D7 /* Sources */,
				CD246D392E3DCD3800E397D7 /* Frameworks */,
				CD246D3A2E3DCD3800E397D7 /* Resources */,
				CD4FBC192E432E4900459093 /* CopyFiles */,
				CD4FBC492E43346400459093 /* CopyFiles */,
			);
			buildRules = (
			);
			dependencies = (
			);
			fileSystemSynchronizedGroups = (
				CD246D3E2E3DCD3800E397D7 /* MenuTemp */,
			);
			name = MenuTemp;
			packageProductDependencies = (
			);
			productName = MenuTemp;
			productReference = CD246D3C2E3DCD3800E397D7 /* MenuTemp.app */;
			productType = "com.apple.product-type.application";
		};
		CD246D492E3DCD3900E397D7 /* MenuTempTests */ = {
			isa = PBXNativeTarget;
			buildConfigurationList = CD246D612E3DCD3900E397D7 /* Build configuration list for PBXNativeTarget "MenuTempTests" */;
			buildPhases = (
				CD246D462E3DCD3900E397D7 /* Sources */,
				CD246D472E3DCD3900E397D7 /* Frameworks */,
				CD246D482E3DCD3900E397D7 /* Resources */,
			);
			buildRules = (
			);
			dependencies = (
				CD246D4C2E3DCD3900E397D7 /* PBXTargetDependency */,
			);
			fileSystemSynchronizedGroups = (
				CD246D4D2E3DCD3900E397D7 /* MenuTempTests */,
			);
			name = MenuTempTests;
			packageProductDependencies = (
			);
			productName = MenuTempTests;
			productReference = CD246D4A2E3DCD3900E397D7 /* MenuTempTests.xctest */;
			productType = "com.apple.product-type.bundle.unit-test";
		};
		CD246D532E3DCD3900E397D7 /* MenuTempUITests */ = {
			isa = PBXNativeTarget;
			buildConfigurationList = CD246D642E3DCD3900E397D7 /* Build configuration list for PBXNativeTarget "MenuTempUITests" */;
			buildPhases = (
				CD246D502E3DCD3900E397D7 /* Sources */,
				CD246D512E3DCD3900E397D7 /* Frameworks */,
				CD246D522E3DCD3900E397D7 /* Resources */,
			);
			buildRules = (
			);
			dependencies = (
				CD246D562E3DCD3900E397D7 /* PBXTargetDependency */,
			);
			fileSystemSynchronizedGroups = (
				CD246D572E3DCD3900E397D7 /* MenuTempUITests */,
			);
			name = MenuTempUITests;
			packageProductDependencies = (
			);
			productName = MenuTempUITests;
			productReference = CD246D542E3DCD3900E397D7 /* MenuTempUITests.xctest */;
			productType = "com.apple.product-type.bundle.ui-testing";
		};
		CD4FBC202E43314A00459093 /* MenuTempHelper */ = {
			isa = PBXNativeTarget;
			buildConfigurationList = CD4FBC402E43314B00459093 /* Build configuration list for PBXNativeTarget "MenuTempHelper" */;
			buildPhases = (
				CD4FBC1D2E43314A00459093 /* Sources */,
				CD4FBC1E2E43314A00459093 /* Frameworks */,
				CD4FBC1F2E43314A00459093 /* Resources */,
			);
			buildRules = (
			);
			dependencies = (
			);
			fileSystemSynchronizedGroups = (
				CD4FBC222E43314A00459093 /* MenuTempHelper */,
			);
			name = MenuTempHelper;
			packageProductDependencies = (
			);
			productName = MenuTempHelper;
			productReference = CD4FBC212E43314A00459093 /* MenuTempHelper.app */;
			productType = "com.apple.product-type.application";
		};
		CD4FBC2D2E43314B00459093 /* MenuTempHelperTests */ = {
			isa = PBXNativeTarget;
			buildConfigurationList = CD4FBC432E43314B00459093 /* Build configuration list for PBXNativeTarget "MenuTempHelperTests" */;
			buildPhases = (
				CD4FBC2A2E43314B00459093 /* Sources */,
				CD4FBC2B2E43314B00459093 /* Frameworks */,
				CD4FBC2C2E43314B00459093 /* Resources */,
			);
			buildRules = (
			);
			dependencies = (
				CD4FBC302E43314B00459093 /* PBXTargetDependency */,
			);
			fileSystemSynchronizedGroups = (
				CD4FBC312E43314B00459093 /* MenuTempHelperTests */,
			);
			name = MenuTempHelperTests;
			packageProductDependencies = (
			);
			productName = MenuTempHelperTests;
			productReference = CD4FBC2E2E43314B00459093 /* MenuTempHelperTests.xctest */;
			productType = "com.apple.product-type.bundle.unit-test";
		};
		CD4FBC372E43314B00459093 /* MenuTempHelperUITests */ = {
			isa = PBXNativeTarget;
			buildConfigurationList = CD4FBC462E43314B00459093 /* Build configuration list for PBXNativeTarget "MenuTempHelperUITests" */;
			buildPhases = (
				CD4FBC342E43314B00459093 /* Sources */,
				CD4FBC352E43314B00459093 /* Frameworks */,
				CD4FBC362E43314B00459093 /* Resources */,
			);
			buildRules = (
			);
			dependencies = (
				CD4FBC3A2E43314B00459093 /* PBXTargetDependency */,
			);
			fileSystemSynchronizedGroups = (
				CD4FBC3B2E43314B00459093 /* MenuTempHelperUITests */,
			);
			name = MenuTempHelperUITests;
			packageProductDependencies = (
			);
			productName = MenuTempHelperUITests;
			productReference = CD4FBC382E43314B00459093 /* MenuTempHelperUITests.xctest */;
			productType = "com.apple.product-type.bundle.ui-testing";
		};
/* End PBXNativeTarget section */

/* Begin PBXProject section */
		CD246D342E3DCD3800E397D7 /* Project object */ = {
			isa = PBXProject;
			attributes = {
				BuildIndependentTargetsInParallel = 1;
				LastSwiftUpdateCheck = 1640;
				LastUpgradeCheck = 1640;
				TargetAttributes = {
					CD246D3B2E3DCD3800E397D7 = {
						CreatedOnToolsVersion = 16.4;
					};
					CD246D492E3DCD3900E397D7 = {
						CreatedOnToolsVersion = 16.4;
						TestTargetID = CD246D3B2E3DCD3800E397D7;
					};
					CD246D532E3DCD3900E397D7 = {
						CreatedOnToolsVersion = 16.4;
						TestTargetID = CD246D3B2E3DCD3800E397D7;
					};
					CD4FBC202E43314A00459093 = {
						CreatedOnToolsVersion = 16.4;
					};
					CD4FBC2D2E43314B00459093 = {
						CreatedOnToolsVersion = 16.4;
						TestTargetID = CD4FBC202E43314A00459093;
					};
					CD4FBC372E43314B00459093 = {
						CreatedOnToolsVersion = 16.4;
						TestTargetID = CD4FBC202E43314A00459093;
					};
				};
			};
			buildConfigurationList = CD246D372E3DCD3800E397D7 /* Build configuration list for PBXProject "MenuTemp" */;
			developmentRegion = en;
			hasScannedForEncodings = 0;
			knownRegions = (
				en,
				Base,
			);
			mainGroup = CD246D332E3DCD3800E397D7;
			minimizedProjectReferenceProxies = 1;
			preferredProjectObjectVersion = 77;
			productRefGroup = CD246D3D2E3DCD3800E397D7 /* Products */;
			projectDirPath = "";
			projectRoot = "";
			targets = (
				CD246D3B2E3DCD3800E397D7 /* MenuTemp */,
				CD246D492E3DCD3900E397D7 /* MenuTempTests */,
				CD246D532E3DCD3900E397D7 /* MenuTempUITests */,
				CD4FBC202E43314A00459093 /* MenuTempHelper */,
				CD4FBC2D2E43314B00459093 /* MenuTempHelperTests */,
				CD4FBC372E43314B00459093 /* MenuTempHelperUITests */,
			);
		};
/* End PBXProject section */

/* Begin PBXResourcesBuildPhase section */
		CD246D3A2E3DCD3800E397D7 /* Resources */ = {
			isa = PBXResourcesBuildPhase;
			buildActionMask = 2147483647;
			files = (
				CD4FBC832E4341E700459093 /* LICENSE in Resources */,
				CD4FBC812E43408300459093 /* .gitignore in Resources */,
			);
			runOnlyForDeploymentPostprocessing = 0;
		};
		CD246D482E3DCD3900E397D7 /* Resources */ = {
			isa = PBXResourcesBuildPhase;
			buildActionMask = 2147483647;
			files = (
			);
			runOnlyForDeploymentPostprocessing = 0;
		};
		CD246D522E3DCD3900E397D7 /* Resources */ = {
			isa = PBXResourcesBuildPhase;
			buildActionMask = 2147483647;
			files = (
			);
			runOnlyForDeploymentPostprocessing = 0;
		};
		CD4FBC1F2E43314A00459093 /* Resources */ = {
			isa = PBXResourcesBuildPhase;
			buildActionMask = 2147483647;
			files = (
			);
			runOnlyForDeploymentPostprocessing = 0;
		};
		CD4FBC2C2E43314B00459093 /* Resources */ = {
			isa = PBXResourcesBuildPhase;
			buildActionMask = 2147483647;
			files = (
			);
			runOnlyForDeploymentPostprocessing = 0;
		};
		CD4FBC362E43314B00459093 /* Resources */ = {
			isa = PBXResourcesBuildPhase;
			buildActionMask = 2147483647;
			files = (
			);
			runOnlyForDeploymentPostprocessing = 0;
		};
/* End PBXResourcesBuildPhase section */

/* Begin PBXSourcesBuildPhase section */
		CD246D382E3DCD3800E397D7 /* Sources */ = {
			isa = PBXSourcesBuildPhase;
			buildActionMask = 2147483647;
			files = (
			);
			runOnlyForDeploymentPostprocessing = 0;
		};
		CD246D462E3DCD3900E397D7 /* Sources */ = {
			isa = PBXSourcesBuildPhase;
			buildActionMask = 2147483647;
			files = (
			);
			runOnlyForDeploymentPostprocessing = 0;
		};
		CD246D502E3DCD3900E397D7 /* Sources */ = {
			isa = PBXSourcesBuildPhase;
			buildActionMask = 2147483647;
			files = (
			);
			runOnlyForDeploymentPostprocessing = 0;
		};
		CD4FBC1D2E43314A00459093 /* Sources */ = {
			isa = PBXSourcesBuildPhase;
			buildActionMask = 2147483647;
			files = (
			);
			runOnlyForDeploymentPostprocessing = 0;
		};
		CD4FBC2A2E43314B00459093 /* Sources */ = {
			isa = PBXSourcesBuildPhase;
			buildActionMask = 2147483647;
			files = (
			);
			runOnlyForDeploymentPostprocessing = 0;
		};
		CD4FBC342E43314B00459093 /* Sources */ = {
			isa = PBXSourcesBuildPhase;
			buildActionMask = 2147483647;
			files = (
			);
			runOnlyForDeploymentPostprocessing = 0;
		};
/* End PBXSourcesBuildPhase section */

/* Begin PBXTargetDependency section */
		CD246D4C2E3DCD3900E397D7 /* PBXTargetDependency */ = {
			isa = PBXTargetDependency;
			target = CD246D3B2E3DCD3800E397D7 /* MenuTemp */;
			targetProxy = CD246D4B2E3DCD3900E397D7 /* PBXContainerItemProxy */;
		};
		CD246D562E3DCD3900E397D7 /* PBXTargetDependency */ = {
			isa = PBXTargetDependency;
			target = CD246D3B2E3DCD3800E397D7 /* MenuTemp */;
			targetProxy = CD246D552E3DCD3900E397D7 /* PBXContainerItemProxy */;
		};
		CD4FBC302E43314B00459093 /* PBXTargetDependency */ = {
			isa = PBXTargetDependency;
			target = CD4FBC202E43314A00459093 /* MenuTempHelper */;
			targetProxy = CD4FBC2F2E43314B00459093 /* PBXContainerItemProxy */;
		};
		CD4FBC3A2E43314B00459093 /* PBXTargetDependency */ = {
			isa = PBXTargetDependency;
			target = CD4FBC202E43314A00459093 /* MenuTempHelper */;
			targetProxy = CD4FBC392E43314B00459093 /* PBXContainerItemProxy */;
		};
/* End PBXTargetDependency section */

/* Begin XCBuildConfiguration section */
		CD246D5C2E3DCD3900E397D7 /* Debug */ = {
			isa = XCBuildConfiguration;
			buildSettings = {
				ALWAYS_SEARCH_USER_PATHS = NO;
				ASSETCATALOG_COMPILER_GENERATE_SWIFT_ASSET_SYMBOL_EXTENSIONS = YES;
				CLANG_ANALYZER_NONNULL = YES;
				CLANG_ANALYZER_NUMBER_OBJECT_CONVERSION = YES_AGGRESSIVE;
				CLANG_CXX_LANGUAGE_STANDARD = "gnu++20";
				CLANG_ENABLE_MODULES = YES;
				CLANG_ENABLE_OBJC_ARC = YES;
				CLANG_ENABLE_OBJC_WEAK = YES;
				CLANG_WARN_BLOCK_CAPTURE_AUTORELEASING = YES;
				CLANG_WARN_BOOL_CONVERSION = YES;
				CLANG_WARN_COMMA = YES;
				CLANG_WARN_CONSTANT_CONVERSION = YES;
				CLANG_WARN_DEPRECATED_OBJC_IMPLEMENTATIONS = YES;
				CLANG_WARN_DIRECT_OBJC_ISA_USAGE = YES_ERROR;
				CLANG_WARN_DOCUMENTATION_COMMENTS = YES;
				CLANG_WARN_EMPTY_BODY = YES;
				CLANG_WARN_ENUM_CONVERSION = YES;
				CLANG_WARN_INFINITE_RECURSION = YES;
				CLANG_WARN_INT_CONVERSION = YES;
				CLANG_WARN_NON_LITERAL_NULL_CONVERSION = YES;
				CLANG_WARN_OBJC_IMPLICIT_RETAIN_SELF = YES;
				CLANG_WARN_OBJC_LITERAL_CONVERSION = YES;
				CLANG_WARN_OBJC_ROOT_CLASS = YES_ERROR;
				CLANG_WARN_QUOTED_INCLUDE_IN_FRAMEWORK_HEADER = YES;
				CLANG_WARN_RANGE_LOOP_ANALYSIS = YES;
				CLANG_WARN_STRICT_PROTOTYPES = YES;
				CLANG_WARN_SUSPICIOUS_MOVE = YES;
				CLANG_WARN_UNGUARDED_AVAILABILITY = YES_AGGRESSIVE;
				CLANG_WARN_UNREACHABLE_CODE = YES;
				CLANG_WARN__DUPLICATE_METHOD_MATCH = YES;
				COPY_PHASE_STRIP = NO;
				DEBUG_INFORMATION_FORMAT = dwarf;
				ENABLE_STRICT_OBJC_MSGSEND = YES;
				ENABLE_TESTABILITY = YES;
				ENABLE_USER_SCRIPT_SANDBOXING = YES;
				GCC_C_LANGUAGE_STANDARD = gnu17;
				GCC_DYNAMIC_NO_PIC = NO;
				GCC_NO_COMMON_BLOCKS = YES;
				GCC_OPTIMIZATION_LEVEL = 0;
				GCC_PREPROCESSOR_DEFINITIONS = (
					"DEBUG=1",
					"$(inherited)",
				);
				GCC_WARN_64_TO_32_BIT_CONVERSION = YES;
				GCC_WARN_ABOUT_RETURN_TYPE = YES_ERROR;
				GCC_WARN_UNDECLARED_SELECTOR = YES;
				GCC_WARN_UNINITIALIZED_AUTOS = YES_AGGRESSIVE;
				GCC_WARN_UNUSED_FUNCTION = YES;
				GCC_WARN_UNUSED_VARIABLE = YES;
				LOCALIZATION_PREFERS_STRING_CATALOGS = YES;
				MACOSX_DEPLOYMENT_TARGET = 15.5;
				MTL_ENABLE_DEBUG_INFO = INCLUDE_SOURCE;
				MTL_FAST_MATH = YES;
				ONLY_ACTIVE_ARCH = YES;
				SDKROOT = macosx;
				SWIFT_ACTIVE_COMPILATION_CONDITIONS = "DEBUG $(inherited)";
				SWIFT_OPTIMIZATION_LEVEL = "-Onone";
			};
			name = Debug;
		};
		CD246D5D2E3DCD3900E397D7 /* Release */ = {
			isa = XCBuildConfiguration;
			buildSettings = {
				ALWAYS_SEARCH_USER_PATHS = NO;
				ASSETCATALOG_COMPILER_GENERATE_SWIFT_ASSET_SYMBOL_EXTENSIONS = YES;
				CLANG_ANALYZER_NONNULL = YES;
				CLANG_ANALYZER_NUMBER_OBJECT_CONVERSION = YES_AGGRESSIVE;
				CLANG_CXX_LANGUAGE_STANDARD = "gnu++20";
				CLANG_ENABLE_MODULES = YES;
				CLANG_ENABLE_OBJC_ARC = YES;
				CLANG_ENABLE_OBJC_WEAK = YES;
				CLANG_WARN_BLOCK_CAPTURE_AUTORELEASING = YES;
				CLANG_WARN_BOOL_CONVERSION = YES;
				CLANG_WARN_COMMA = YES;
				CLANG_WARN_CONSTANT_CONVERSION = YES;
				CLANG_WARN_DEPRECATED_OBJC_IMPLEMENTATIONS = YES;
				CLANG_WARN_DIRECT_OBJC_ISA_USAGE = YES_ERROR;
				CLANG_WARN_DOCUMENTATION_COMMENTS = YES;
				CLANG_WARN_EMPTY_BODY = YES;
				CLANG_WARN_ENUM_CONVERSION = YES;
				CLANG_WARN_INFINITE_RECURSION = YES;
				CLANG_WARN_INT_CONVERSION = YES;
				CLANG_WARN_NON_LITERAL_NULL_CONVERSION = YES;
				CLANG_WARN_OBJC_IMPLICIT_RETAIN_SELF = YES;
				CLANG_WARN_OBJC_LITERAL_CONVERSION = YES;
				CLANG_WARN_OBJC_ROOT_CLASS = YES_ERROR;
				CLANG_WARN_QUOTED_INCLUDE_IN_FRAMEWORK_HEADER = YES;
				CLANG_WARN_RANGE_LOOP_ANALYSIS = YES;
				CLANG_WARN_STRICT_PROTOTYPES = YES;
				CLANG_WARN_SUSPICIOUS_MOVE = YES;
				CLANG_WARN_UNGUARDED_AVAILABILITY = YES_AGGRESSIVE;
				CLANG_WARN_UNREACHABLE_CODE = YES;
				CLANG_WARN__DUPLICATE_METHOD_MATCH = YES;
				COPY_PHASE_STRIP = NO;
				DEBUG_INFORMATION_FORMAT = "dwarf-with-dsym";
				ENABLE_NS_ASSERTIONS = NO;
				ENABLE_STRICT_OBJC_MSGSEND = YES;
				ENABLE_USER_SCRIPT_SANDBOXING = YES;
				GCC_C_LANGUAGE_STANDARD = gnu17;
				GCC_NO_COMMON_BLOCKS = YES;
				GCC_WARN_64_TO_32_BIT_CONVERSION = YES;
				GCC_WARN_ABOUT_RETURN_TYPE = YES_ERROR;
				GCC_WARN_UNDECLARED_SELECTOR = YES;
				GCC_WARN_UNINITIALIZED_AUTOS = YES_AGGRESSIVE;
				GCC_WARN_UNUSED_FUNCTION = YES;
				GCC_WARN_UNUSED_VARIABLE = YES;
				LOCALIZATION_PREFERS_STRING_CATALOGS = YES;
				MACOSX_DEPLOYMENT_TARGET = 15.5;
				MTL_ENABLE_DEBUG_INFO = NO;
				MTL_FAST_MATH = YES;
				SDKROOT = macosx;
				SWIFT_COMPILATION_MODE = wholemodule;
			};
			name = Release;
		};
		CD246D5F2E3DCD3900E397D7 /* Debug */ = {
			isa = XCBuildConfiguration;
			buildSettings = {
				ASSETCATALOG_COMPILER_APPICON_NAME = AppIcon;
				ASSETCATALOG_COMPILER_GLOBAL_ACCENT_COLOR_NAME = AccentColor;
				ASSETCATALOG_COMPILER_INCLUDE_ALL_APPICON_ASSETS = NO;
				CODE_SIGN_ENTITLEMENTS = MenuTemp/MenuTemp.entitlements;
				CODE_SIGN_IDENTITY = "Apple Development";
				CODE_SIGN_STYLE = Automatic;
				COMBINE_HIDPI_IMAGES = YES;
				CURRENT_PROJECT_VERSION = 1;
				DEVELOPMENT_TEAM = JXZ8BFT899;
				ENABLE_PREVIEWS = YES;
				GENERATE_INFOPLIST_FILE = YES;
				INFOPLIST_KEY_LSUIElement = YES;
				INFOPLIST_KEY_NSHumanReadableCopyright = "";
				LD_RUNPATH_SEARCH_PATHS = (
					"$(inherited)",
					"@executable_path/../Frameworks",
				);
				MARKETING_VERSION = 1.0;
				PRODUCT_BUNDLE_IDENTIFIER = com.btsun.MenuTemp;
				PRODUCT_NAME = "$(TARGET_NAME)";
				PROVISIONING_PROFILE_SPECIFIER = "";
				REGISTER_APP_GROUPS = YES;
				SWIFT_EMIT_LOC_STRINGS = YES;
				SWIFT_VERSION = 5.0;
			};
			name = Debug;
		};
		CD246D602E3DCD3900E397D7 /* Release */ = {
			isa = XCBuildConfiguration;
			buildSettings = {
				ASSETCATALOG_COMPILER_APPICON_NAME = AppIcon;
				ASSETCATALOG_COMPILER_GLOBAL_ACCENT_COLOR_NAME = AccentColor;
				ASSETCATALOG_COMPILER_INCLUDE_ALL_APPICON_ASSETS = NO;
				CODE_SIGN_ENTITLEMENTS = MenuTemp/MenuTempRelease.entitlements;
				CODE_SIGN_IDENTITY = "Apple Development";
				CODE_SIGN_STYLE = Automatic;
				COMBINE_HIDPI_IMAGES = YES;
				CURRENT_PROJECT_VERSION = 1;
				DEVELOPMENT_TEAM = JXZ8BFT899;
				ENABLE_PREVIEWS = YES;
				GENERATE_INFOPLIST_FILE = YES;
				INFOPLIST_KEY_LSUIElement = YES;
				INFOPLIST_KEY_NSHumanReadableCopyright = "";
				LD_RUNPATH_SEARCH_PATHS = (
					"$(inherited)",
					"@executable_path/../Frameworks",
				);
				MARKETING_VERSION = 1.0;
				PRODUCT_BUNDLE_IDENTIFIER = com.btsun.MenuTemp;
				PRODUCT_NAME = "$(TARGET_NAME)";
				PROVISIONING_PROFILE_SPECIFIER = "";
				REGISTER_APP_GROUPS = YES;
				SWIFT_EMIT_LOC_STRINGS = YES;
				SWIFT_VERSION = 5.0;
			};
			name = Release;
		};
		CD246D622E3DCD3900E397D7 /* Debug */ = {
			isa = XCBuildConfiguration;
			buildSettings = {
				BUNDLE_LOADER = "$(TEST_HOST)";
				CODE_SIGN_STYLE = Automatic;
				CURRENT_PROJECT_VERSION = 1;
				GENERATE_INFOPLIST_FILE = YES;
				MACOSX_DEPLOYMENT_TARGET = 15.5;
				MARKETING_VERSION = 1.0;
				PRODUCT_BUNDLE_IDENTIFIER = com.btusn.MenuTempTests;
				PRODUCT_NAME = "$(TARGET_NAME)";
				SWIFT_EMIT_LOC_STRINGS = NO;
				SWIFT_VERSION = 5.0;
				TEST_HOST = "$(BUILT_PRODUCTS_DIR)/MenuTemp.app/$(BUNDLE_EXECUTABLE_FOLDER_PATH)/MenuTemp";
			};
			name = Debug;
		};
		CD246D632E3DCD3900E397D7 /* Release */ = {
			isa = XCBuildConfiguration;
			buildSettings = {
				BUNDLE_LOADER = "$(TEST_HOST)";
				CODE_SIGN_STYLE = Automatic;
				CURRENT_PROJECT_VERSION = 1;
				GENERATE_INFOPLIST_FILE = YES;
				MACOSX_DEPLOYMENT_TARGET = 15.5;
				MARKETING_VERSION = 1.0;
				PRODUCT_BUNDLE_IDENTIFIER = com.btsun.MenuTempTests;
				PRODUCT_NAME = "$(TARGET_NAME)";
				SWIFT_EMIT_LOC_STRINGS = NO;
				SWIFT_VERSION = 5.0;
				TEST_HOST = "$(BUILT_PRODUCTS_DIR)/MenuTemp.app/$(BUNDLE_EXECUTABLE_FOLDER_PATH)/MenuTemp";
			};
			name = Release;
		};
		CD246D652E3DCD3900E397D7 /* Debug */ = {
			isa = XCBuildConfiguration;
			buildSettings = {
				CODE_SIGN_STYLE = Automatic;
				CURRENT_PROJECT_VERSION = 1;
				GENERATE_INFOPLIST_FILE = YES;
				MARKETING_VERSION = 1.0;
				PRODUCT_BUNDLE_IDENTIFIER = com.btusn.MenuTempUITests;
				PRODUCT_NAME = "$(TARGET_NAME)";
				SWIFT_EMIT_LOC_STRINGS = NO;
				SWIFT_VERSION = 5.0;
				TEST_TARGET_NAME = MenuTemp;
			};
			name = Debug;
		};
		CD246D662E3DCD3900E397D7 /* Release */ = {
			isa = XCBuildConfiguration;
			buildSettings = {
				CODE_SIGN_STYLE = Automatic;
				CURRENT_PROJECT_VERSION = 1;
				GENERATE_INFOPLIST_FILE = YES;
				MARKETING_VERSION = 1.0;
				PRODUCT_BUNDLE_IDENTIFIER = com.btsun.MenuTempUITests;
				PRODUCT_NAME = "$(TARGET_NAME)";
				SWIFT_EMIT_LOC_STRINGS = NO;
				SWIFT_VERSION = 5.0;
				TEST_TARGET_NAME = MenuTemp;
			};
			name = Release;
		};
		CD4FBC412E43314B00459093 /* Debug */ = {
			isa = XCBuildConfiguration;
			buildSettings = {
				ASSETCATALOG_COMPILER_APPICON_NAME = AppIcon;
				ASSETCATALOG_COMPILER_GLOBAL_ACCENT_COLOR_NAME = AccentColor;
				CODE_SIGN_ENTITLEMENTS = MenuTempHelper/MenuTempHelper.entitlements;
				"CODE_SIGN_IDENTITY[sdk=macosx*]" = "Apple Development";
				CODE_SIGN_STYLE = Automatic;
				COMBINE_HIDPI_IMAGES = YES;
				CURRENT_PROJECT_VERSION = 1;
				DEVELOPMENT_TEAM = JXZ8BFT899;
				ENABLE_PREVIEWS = YES;
				GENERATE_INFOPLIST_FILE = YES;
				INFOPLIST_KEY_LSUIElement = YES;
				INFOPLIST_KEY_NSHumanReadableCopyright = "";
				LD_RUNPATH_SEARCH_PATHS = (
					"$(inherited)",
					"@executable_path/../Frameworks",
				);
				MARKETING_VERSION = 1.0;
				PRODUCT_BUNDLE_IDENTIFIER = com.btsun.MenuTempHelper;
				PRODUCT_NAME = "$(TARGET_NAME)";
				REGISTER_APP_GROUPS = YES;
				SWIFT_EMIT_LOC_STRINGS = YES;
				SWIFT_VERSION = 5.0;
			};
			name = Debug;
		};
		CD4FBC422E43314B00459093 /* Release */ = {
			isa = XCBuildConfiguration;
			buildSettings = {
				ASSETCATALOG_COMPILER_APPICON_NAME = AppIcon;
				ASSETCATALOG_COMPILER_GLOBAL_ACCENT_COLOR_NAME = AccentColor;
				CODE_SIGN_ENTITLEMENTS = MenuTempHelper/MenuTempHelper.entitlements;
				"CODE_SIGN_IDENTITY[sdk=macosx*]" = "Apple Development";
				CODE_SIGN_STYLE = Automatic;
				COMBINE_HIDPI_IMAGES = YES;
				CURRENT_PROJECT_VERSION = 1;
				DEVELOPMENT_TEAM = JXZ8BFT899;
				ENABLE_PREVIEWS = YES;
				GENERATE_INFOPLIST_FILE = YES;
				INFOPLIST_KEY_LSUIElement = YES;
				INFOPLIST_KEY_NSHumanReadableCopyright = "";
				LD_RUNPATH_SEARCH_PATHS = (
					"$(inherited)",
					"@executable_path/../Frameworks",
				);
				MARKETING_VERSION = 1.0;
				PRODUCT_BUNDLE_IDENTIFIER = com.btsun.MenuTempHelper;
				PRODUCT_NAME = "$(TARGET_NAME)";
				REGISTER_APP_GROUPS = YES;
				SWIFT_EMIT_LOC_STRINGS = YES;
				SWIFT_VERSION = 5.0;
			};
			name = Release;
		};
		CD4FBC442E43314B00459093 /* Debug */ = {
			isa = XCBuildConfiguration;
			buildSettings = {
				BUNDLE_LOADER = "$(TEST_HOST)";
				CODE_SIGN_STYLE = Automatic;
				CURRENT_PROJECT_VERSION = 1;
				GENERATE_INFOPLIST_FILE = YES;
				MACOSX_DEPLOYMENT_TARGET = 15.5;
				MARKETING_VERSION = 1.0;
				PRODUCT_BUNDLE_IDENTIFIER = com.btsun.MenuTempHelperTests;
				PRODUCT_NAME = "$(TARGET_NAME)";
				SWIFT_EMIT_LOC_STRINGS = NO;
				SWIFT_VERSION = 5.0;
				TEST_HOST = "$(BUILT_PRODUCTS_DIR)/MenuTempHelper.app/$(BUNDLE_EXECUTABLE_FOLDER_PATH)/MenuTempHelper";
			};
			name = Debug;
		};
		CD4FBC452E43314B00459093 /* Release */ = {
			isa = XCBuildConfiguration;
			buildSettings = {
				BUNDLE_LOADER = "$(TEST_HOST)";
				CODE_SIGN_STYLE = Automatic;
				CURRENT_PROJECT_VERSION = 1;
				GENERATE_INFOPLIST_FILE = YES;
				MACOSX_DEPLOYMENT_TARGET = 15.5;
				MARKETING_VERSION = 1.0;
				PRODUCT_BUNDLE_IDENTIFIER = com.btsun.MenuTempHelperTests;
				PRODUCT_NAME = "$(TARGET_NAME)";
				SWIFT_EMIT_LOC_STRINGS = NO;
				SWIFT_VERSION = 5.0;
				TEST_HOST = "$(BUILT_PRODUCTS_DIR)/MenuTempHelper.app/$(BUNDLE_EXECUTABLE_FOLDER_PATH)/MenuTempHelper";
			};
			name = Release;
		};
		CD4FBC472E43314B00459093 /* Debug */ = {
			isa = XCBuildConfiguration;
			buildSettings = {
				CODE_SIGN_STYLE = Automatic;
				CURRENT_PROJECT_VERSION = 1;
				GENERATE_INFOPLIST_FILE = YES;
				MARKETING_VERSION = 1.0;
				PRODUCT_BUNDLE_IDENTIFIER = com.btsun.MenuTempHelperUITests;
				PRODUCT_NAME = "$(TARGET_NAME)";
				SWIFT_EMIT_LOC_STRINGS = NO;
				SWIFT_VERSION = 5.0;
				TEST_TARGET_NAME = MenuTempHelper;
			};
			name = Debug;
		};
		CD4FBC482E43314B00459093 /* Release */ = {
			isa = XCBuildConfiguration;
			buildSettings = {
				CODE_SIGN_STYLE = Automatic;
				CURRENT_PROJECT_VERSION = 1;
				GENERATE_INFOPLIST_FILE = YES;
				MARKETING_VERSION = 1.0;
				PRODUCT_BUNDLE_IDENTIFIER = com.btsun.MenuTempHelperUITests;
				PRODUCT_NAME = "$(TARGET_NAME)";
				SWIFT_EMIT_LOC_STRINGS = NO;
				SWIFT_VERSION = 5.0;
				TEST_TARGET_NAME = MenuTempHelper;
			};
			name = Release;
		};
/* End XCBuildConfiguration section */

/* Begin XCConfigurationList section */
		CD246D372E3DCD3800E397D7 /* Build configuration list for PBXProject "MenuTemp" */ = {
			isa = XCConfigurationList;
			buildConfigurations = (
				CD246D5C2E3DCD3900E397D7 /* Debug */,
				CD246D5D2E3DCD3900E397D7 /* Release */,
			);
			defaultConfigurationIsVisible = 0;
			defaultConfigurationName = Release;
		};
		CD246D5E2E3DCD3900E397D7 /* Build configuration list for PBXNativeTarget "MenuTemp" */ = {
			isa = XCConfigurationList;
			buildConfigurations = (
				CD246D5F2E3DCD3900E397D7 /* Debug */,
				CD246D602E3DCD3900E397D7 /* Release */,
			);
			defaultConfigurationIsVisible = 0;
			defaultConfigurationName = Release;
		};
		CD246D612E3DCD3900E397D7 /* Build configuration list for PBXNativeTarget "MenuTempTests" */ = {
			isa = XCConfigurationList;
			buildConfigurations = (
				CD246D622E3DCD3900E397D7 /* Debug */,
				CD246D632E3DCD3900E397D7 /* Release */,
			);
			defaultConfigurationIsVisible = 0;
			defaultConfigurationName = Release;
		};
		CD246D642E3DCD3900E397D7 /* Build configuration list for PBXNativeTarget "MenuTempUITests" */ = {
			isa = XCConfigurationList;
			buildConfigurations = (
				CD246D652E3DCD3900E397D7 /* Debug */,
				CD246D662E3DCD3900E397D7 /* Release */,
			);
			defaultConfigurationIsVisible = 0;
			defaultConfigurationName = Release;
		};
		CD4FBC402E43314B00459093 /* Build configuration list for PBXNativeTarget "MenuTempHelper" */ = {
			isa = XCConfigurationList;
			buildConfigurations = (
				CD4FBC412E43314B00459093 /* Debug */,
				CD4FBC422E43314B00459093 /* Release */,
			);
			defaultConfigurationIsVisible = 0;
			defaultConfigurationName = Release;
		};
		CD4FBC432E43314B00459093 /* Build configuration list for PBXNativeTarget "MenuTempHelperTests" */ = {
			isa = XCConfigurationList;
			buildConfigurations = (
				CD4FBC442E43314B00459093 /* Debug */,
				CD4FBC452E43314B00459093 /* Release */,
			);
			defaultConfigurationIsVisible = 0;
			defaultConfigurationName = Release;
		};
		CD4FBC462E43314B00459093 /* Build configuration list for PBXNativeTarget "MenuTempHelperUITests" */ = {
			isa = XCConfigurationList;
			buildConfigurations = (
				CD4FBC472E43314B00459093 /* Debug */,
				CD4FBC482E43314B00459093 /* Release */,
			);
			defaultConfigurationIsVisible = 0;
			defaultConfigurationName = Release;
		};
/* End XCConfigurationList section */
	};
	rootObject = CD246D342E3DCD3800E397D7 /* Project object */;
}
